
Microsoft Visual Studio Solution File, Format Version 12.00
# Visual Studio Version 16
VisualStudioVersion = 16.0.30804.86
MinimumVisualStudioVersion = 10.0.40219.1
Project("{FAE04EC0-301F-11D3-BF4B-00C04F79EFBC}") = "GeometryExample", "Practice\GeometryExample.csproj", "{0E3D366D-EA73-4BCA-973C-7073B4002221}"
EndProject
Project("{FAE04EC0-301F-11D3-BF4B-00C04F79EFBC}") = "Inheritance", "Inheritance\Inheritance.csproj", "{6ABD2203-337B-44E8-80CF-0C08FF642452}"
EndProject
Global
	GlobalSection(SolutionConfigurationPlatforms) = preSolution
		Debug|Any CPU = Debug|Any CPU
		Release|Any CPU = Release|Any CPU
	EndGlobalSection
	GlobalSection(ProjectConfigurationPlatforms) = postSolution
		{0E3D366D-EA73-4BCA-973C-7073B4002221}.Debug|Any CPU.ActiveCfg = Debug|Any CPU
		{0E3D366D-EA73-4BCA-973C-7073B4002221}.Debug|Any CPU.Build.0 = Debug|Any CPU
		{0E3D366D-EA73-4BCA-973C-7073B4002221}.Release|Any CPU.ActiveCfg = Release|Any CPU
		{0E3D366D-EA73-4BCA-973C-7073B4002221}.Release|Any CPU.Build.0 = Release|Any CPU
		{6ABD2203-337B-44E8-80CF-0C08FF642452}.Debug|Any CPU.ActiveCfg = Debug|Any CPU
		{6ABD2203-337B-44E8-80CF-0C08FF642452}.Debug|Any CPU.Build.0 = Debug|Any CPU
		{6ABD2203-337B-44E8-80CF-0C08FF642452}.Release|Any CPU.ActiveCfg = Release|Any CPU
		{6ABD2203-337B-44E8-80CF-0C08FF642452}.Release|Any CPU.Build.0 = Release|Any CPU
	EndGlobalSection
	GlobalSection(SolutionProperties) = preSolution
		HideSolutionNode = FALSE
	EndGlobalSection
	GlobalSection(ExtensibilityGlobals) = postSolution
		SolutionGuid = {A2A510BA-3969-4700-9274-A21A4F957544}
	EndGlobalSection
EndGlobal
